
Microsoft Visual Studio Solution File, Format Version 12.00
# Visual Studio Version 16
VisualStudioVersion = 16.0.30114.105
MinimumVisualStudioVersion = 10.0.40219.1
Project("{FAE04EC0-301F-11D3-BF4B-00C04F79EFBC}") = "MonyUCAB", "MonyUCAB.csproj", "{75BB576F-1C13-4ECD-A4A2-DD509F872503}"
EndProject
Global
	GlobalSection(SolutionConfigurationPlatforms) = preSolution
		Debug|Any CPU = Debug|Any CPU
		Release|Any CPU = Release|Any CPU
	EndGlobalSection
	GlobalSection(ProjectConfigurationPlatforms) = postSolution
		{75BB576F-1C13-4ECD-A4A2-DD509F872503}.Debug|Any CPU.ActiveCfg = Debug|Any CPU
		{75BB576F-1C13-4ECD-A4A2-DD509F872503}.Debug|Any CPU.Build.0 = Debug|Any CPU
		{75BB576F-1C13-4ECD-A4A2-DD509F872503}.Release|Any CPU.ActiveCfg = Release|Any CPU
		{75BB576F-1C13-4ECD-A4A2-DD509F872503}.Release|Any CPU.Build.0 = Release|Any CPU
	EndGlobalSection
	GlobalSection(SolutionProperties) = preSolution
		HideSolutionNode = FALSE
	EndGlobalSection
	GlobalSection(ExtensibilityGlobals) = postSolution
		SolutionGuid = {B9FA6A13-9B6C-44A5-B9FB-2F8EC7B48E57}
	EndGlobalSection
EndGlobal
